<?xml version="1.0" encoding="utf-8"?>
<Project ToolsVersion="4.0" xmlns="http://schemas.microsoft.com/developer/msbuild/2003">
  <ItemGroup>
    <Filter Include="Headers">
      <UniqueIdentifier>{883d98bc-fd92-4ffb-8b9b-8a2a407fe94b}</UniqueIdentifier>
      <Extensions>*.h</Extensions>
    </Filter>
    <Filter Include="Sources">
      <UniqueIdentifier>{e70b5f27-4b3a-406c-ad1e-0d96f74233c3}</UniqueIdentifier>
    </Filter>
    <Filter Include="Sources\libs">
      <UniqueIdentifier>{b8defea3-1518-45d5-bb65-ef5285b09930}</UniqueIdentifier>
    </Filter>
    <Filter Include="Sources\plugins">
      <UniqueIdentifier>{807bca6f-d860-4b18-a310-faf4b4f276cc}</UniqueIdentifier>
    </Filter>
    <Filter Include="Sources\plugins\ClientProcess">
      <UniqueIdentifier>{f917a7f5-b1d7-4418-8e65-3c9ad15f6eec}</UniqueIdentifier>
    </Filter>
  </ItemGroup>
  <ItemGroup>
    <ClCompile Include="..\src\3proxy.c">
      <Filter>Sources</Filter>
    </ClCompile>
    <ClCompile Include="..\src\auth.c">
      <Filter>Sources</Filter>
    </ClCompile>
    <ClCompile Include="..\src\authradius.c">
      <Filter>Sources</Filter>
    </ClCompile>
    <ClCompile Include="..\src\auto.c">
      <Filter>Sources</Filter>
    </ClCompile>
    <ClCompile Include="..\src\base64.c">
      <Filter>Sources</Filter>
    </ClCompile>
    <ClCompile Include="..\src\common.c">
      <Filter>Sources</Filter>
    </ClCompile>
    <ClCompile Include="..\src\conf.c">
      <Filter>Sources</Filter>
    </ClCompile>
    <ClCompile Include="..\src\datatypes.c">
      <Filter>Sources</Filter>
    </ClCompile>
    <ClCompile Include="..\src\dnspr.c">
      <Filter>Sources</Filter>
    </ClCompile>
    <ClCompile Include="..\src\ftp.c">
      <Filter>Sources</Filter>
    </ClCompile>
    <ClCompile Include="..\src\ftppr.c">
      <Filter>Sources</Filter>
    </ClCompile>
    <ClCompile Include="..\src\log.c">
      <Filter>Sources</Filter>
    </ClCompile>
    <ClCompile Include="..\src\mycrypt.c">
      <Filter>Sources</Filter>
    </ClCompile>
    <ClCompile Include="..\src\ntlm.c">
      <Filter>Sources</Filter>
    </ClCompile>
    <ClCompile Include="..\src\plugins.c">
      <Filter>Sources</Filter>
    </ClCompile>
    <ClCompile Include="..\src\pop3p.c">
      <Filter>Sources</Filter>
    </ClCompile>
    <ClCompile Include="..\src\proxy.c">
      <Filter>Sources</Filter>
    </ClCompile>
    <ClCompile Include="..\src\proxymain.c">
      <Filter>Sources</Filter>
    </ClCompile>
    <ClCompile Include="..\src\smtpp.c">
      <Filter>Sources</Filter>
    </ClCompile>
    <ClCompile Include="..\src\sockgetchar.c">
      <Filter>Sources</Filter>
    </ClCompile>
    <ClCompile Include="..\src\sockmap.c">
      <Filter>Sources</Filter>
    </ClCompile>
    <ClCompile Include="..\src\socks.c">
      <Filter>Sources</Filter>
    </ClCompile>
    <ClCompile Include="..\src\stringtable.c">
      <Filter>Sources</Filter>
    </ClCompile>
    <ClCompile Include="..\src\tcppm.c">
      <Filter>Sources</Filter>
    </ClCompile>
    <ClCompile Include="..\src\udppm.c">
      <Filter>Sources</Filter>
    </ClCompile>
    <ClCompile Include="..\src\webadmin.c">
      <Filter>Sources</Filter>
    </ClCompile>
    <ClCompile Include="..\src\libs\md4.c">
      <Filter>Sources\libs</Filter>
    </ClCompile>
    <ClCompile Include="..\src\libs\md5.c">
      <Filter>Sources\libs</Filter>
    </ClCompile>
    <ClCompile Include="..\src\libs\regex.c">
      <Filter>Sources\libs</Filter>
    </ClCompile>
    <ClCompile Include="..\src\libs\smbdes.c">
      <Filter>Sources\libs</Filter>
    </ClCompile>
  </ItemGroup>
  <ItemGroup>
    <ClInclude Include="..\src\proxy.h">
      <Filter>Headers</Filter>
    </ClInclude>
    <ClInclude Include="..\src\structures.h">
      <Filter>Headers</Filter>
    </ClInclude>
    <ClInclude Include="..\src\version.h">
      <Filter>Headers</Filter>
    </ClInclude>
  </ItemGroup>
  <ItemGroup>
    <ResourceCompile Include="..\src\3proxy.rc" />
  </ItemGroup>
  <ItemGroup>
    <Image Include="..\src\3proxy.ico" />
  </ItemGroup>
</Project>